
Microsoft Visual Studio Solution File, Format Version 12.00
# Visual Studio Version 17
VisualStudioVersion = 17.9.34701.34
MinimumVisualStudioVersion = 10.0.40219.1
Project("{FAE04EC0-301F-11D3-BF4B-00C04F79EFBC}") = "AdapterPattern", "AdapterPattern\AdapterPattern.csproj", "{EB9EF3BF-69C7-42E2-BAAB-2D4BC7722307}"
EndProject
Global
	GlobalSection(SolutionConfigurationPlatforms) = preSolution
		Debug|Any CPU = Debug|Any CPU
		Release|Any CPU = Release|Any CPU
	EndGlobalSection
	GlobalSection(ProjectConfigurationPlatforms) = postSolution
		{EB9EF3BF-69C7-42E2-BAAB-2D4BC7722307}.Debug|Any CPU.ActiveCfg = Debug|Any CPU
		{EB9EF3BF-69C7-42E2-BAAB-2D4BC7722307}.Debug|Any CPU.Build.0 = Debug|Any CPU
		{EB9EF3BF-69C7-42E2-BAAB-2D4BC7722307}.Release|Any CPU.ActiveCfg = Release|Any CPU
		{EB9EF3BF-69C7-42E2-BAAB-2D4BC7722307}.Release|Any CPU.Build.0 = Release|Any CPU
	EndGlobalSection
	GlobalSection(SolutionProperties) = preSolution
		HideSolutionNode = FALSE
	EndGlobalSection
	GlobalSection(ExtensibilityGlobals) = postSolution
		SolutionGuid = {B42520F8-F23E-4DF3-994B-8CA5F2D68836}
	EndGlobalSection
EndGlobal
